# This file is generated by running "yarn install" inside your project.
# Manual changes might be lost - proceed with caution!

__metadata:
  version: 6
  cacheKey: 8

"dotenv@npm:^16.4.7":
  version: 16.4.7
  resolution: "dotenv@npm:16.4.7"
  checksum: c27419b5875a44addcc56cc69b7dc5b0e6587826ca85d5b355da9303c6fc317fc9989f1f18366a16378c9fdd9532d14117a1abe6029cc719cdbbef6eaef2cea4
  languageName: node
  linkType: hard

"websocket-demo@workspace:.":
  version: 0.0.0-use.local
  resolution: "websocket-demo@workspace:."
  dependencies:
    dotenv: ^16.4.7
    ws: ^8.18.1
  languageName: unknown
  linkType: soft

"ws@npm:^8.18.1":
  version: 8.18.1
  resolution: "ws@npm:8.18.1"
  peerDependencies:
    bufferutil: ^4.0.1
    utf-8-validate: ">=5.0.2"
  peerDependenciesMeta:
    bufferutil:
      optional: true
    utf-8-validate:
      optional: true
  checksum: 4658357185d891bc45cc2d42a84f9e192d047e8476fb5cba25b604f7d75ca87ca0dd54cd0b2cc49aeee57c79045a741cb7d0b14501953ac60c790cd105c42f23
  languageName: node
  linkType: hard
